
Microsoft Visual Studio Solution File, Format Version 12.00
# Visual Studio Version 16
VisualStudioVersion = 16.0.29411.108
MinimumVisualStudioVersion = 10.0.40219.1
Project("{FAE04EC0-301F-11D3-BF4B-00C04F79EFBC}") = "kafka.ui", "kafka.ui\kafka.ui.csproj", "{F904B672-0A9C-4B16-BFCA-0C6D107384B6}"
EndProject
Global
	GlobalSection(SolutionConfigurationPlatforms) = preSolution
		Debug|Any CPU = Debug|Any CPU
		Release|Any CPU = Release|Any CPU
	EndGlobalSection
	GlobalSection(ProjectConfigurationPlatforms) = postSolution
		{F904B672-0A9C-4B16-BFCA-0C6D107384B6}.Debug|Any CPU.ActiveCfg = Debug|Any CPU
		{F904B672-0A9C-4B16-BFCA-0C6D107384B6}.Debug|Any CPU.Build.0 = Debug|Any CPU
		{F904B672-0A9C-4B16-BFCA-0C6D107384B6}.Release|Any CPU.ActiveCfg = Release|Any CPU
		{F904B672-0A9C-4B16-BFCA-0C6D107384B6}.Release|Any CPU.Build.0 = Release|Any CPU
	EndGlobalSection
	GlobalSection(SolutionProperties) = preSolution
		HideSolutionNode = FALSE
	EndGlobalSection
	GlobalSection(ExtensibilityGlobals) = postSolution
		SolutionGuid = {D161D6B6-41EF-461C-B2DF-FED2D2CD7EC4}
	EndGlobalSection
EndGlobal
